Microsoft Visual Studio Solution File, Format Version 12.00
# Visual Studio Version 17
VisualStudioVersion = 17.14.36310.24
MinimumVisualStudioVersion = 10.0.40219.1
Project("{FAE04EC0-301F-11D3-BF4B-00C04F79EFBC}") = "MauiAOIViewer", "MauiAOIViewer\MauiAOIViewer.csproj", "{DB973C1C-9D93-43EF-8676-9357D8782CFC}"
EndProject
Project("{FAE04EC0-301F-11D3-BF4B-00C04F79EFBC}") = "MauiAOIViewer.Shared", "MauiAOIViewer.Shared\MauiAOIViewer.Shared.csproj", "{E031DC72-4E68-463F-94C8-1E80CD5889C8}"
EndProject
Project("{FAE04EC0-301F-11D3-BF4B-00C04F79EFBC}") = "MauiAOIViewer.Web", "MauiAOIViewer.Web\MauiAOIViewer.Web.csproj", "{E470517F-8A09-49DB-B301-B19E3659090A}"
EndProject
Global
	GlobalSection(SolutionConfigurationPlatforms) = preSolution
		Debug|Any CPU = Debug|Any CPU
		Release|Any CPU = Release|Any CPU
	EndGlobalSection
	GlobalSection(ProjectConfigurationPlatforms) = postSolution
		{DB973C1C-9D93-43EF-8676-9357D8782CFC}.Debug|Any CPU.ActiveCfg = Debug|Any CPU
		{DB973C1C-9D93-43EF-8676-9357D8782CFC}.Debug|Any CPU.Build.0 = Debug|Any CPU
		{DB973C1C-9D93-43EF-8676-9357D8782CFC}.Debug|Any CPU.Deploy.0 = Debug|Any CPU
		{DB973C1C-9D93-43EF-8676-9357D8782CFC}.Release|Any CPU.ActiveCfg = Release|Any CPU
		{DB973C1C-9D93-43EF-8676-9357D8782CFC}.Release|Any CPU.Build.0 = Release|Any CPU
		{E031DC72-4E68-463F-94C8-1E80CD5889C8}.Debug|Any CPU.ActiveCfg = Debug|Any CPU
		{E031DC72-4E68-463F-94C8-1E80CD5889C8}.Debug|Any CPU.Build.0 = Debug|Any CPU
		{E031DC72-4E68-463F-94C8-1E80CD5889C8}.Release|Any CPU.ActiveCfg = Release|Any CPU
		{E031DC72-4E68-463F-94C8-1E80CD5889C8}.Release|Any CPU.Build.0 = Release|Any CPU
		{E470517F-8A09-49DB-B301-B19E3659090A}.Debug|Any CPU.ActiveCfg = Debug|Any CPU
		{E470517F-8A09-49DB-B301-B19E3659090A}.Debug|Any CPU.Build.0 = Debug|Any CPU
		{E470517F-8A09-49DB-B301-B19E3659090A}.Release|Any CPU.ActiveCfg = Release|Any CPU
		{E470517F-8A09-49DB-B301-B19E3659090A}.Release|Any CPU.Build.0 = Release|Any CPU
	EndGlobalSection
	GlobalSection(SolutionProperties) = preSolution
		HideSolutionNode = FALSE
	EndGlobalSection
	GlobalSection(ExtensibilityGlobals) = postSolution
		SolutionGuid = {9549BC87-E7E7-4FD3-9C44-33211FF050D2}
	EndGlobalSection
EndGlobal
